
Microsoft Visual Studio Solution File, Format Version 12.00
# Visual Studio Version 16
VisualStudioVersion = 16.0.30907.101
MinimumVisualStudioVersion = 10.0.40219.1
Project("{9A19103F-16F7-4668-BE54-9A1E7A4F7556}") = "CarExchangeOnionAPI", "CarExchangeOnionAPI\CarExchangeOnionAPI.csproj", "{EE593405-84D1-462F-BAFC-B791DDB9E091}"
EndProject
Project("{9A19103F-16F7-4668-BE54-9A1E7A4F7556}") = "CarExchangeAPI.Core", "CarExchangeAPI.Core\CarExchangeAPI.Core.csproj", "{6B623B93-3314-47ED-833C-C4E539B29568}"
EndProject
Project("{9A19103F-16F7-4668-BE54-9A1E7A4F7556}") = "CarExchangeAPI.Dao", "CarExchangeAPI.Dao\CarExchangeAPI.Dao.csproj", "{4EBC8772-0A18-4E5F-8479-68AE57DF2E9E}"
EndProject
Project("{9A19103F-16F7-4668-BE54-9A1E7A4F7556}") = "CarExchangeAPI.Orchestrator", "CarExchangeAPI.Orchestrator\CarExchangeAPI.Orchestrator.csproj", "{1218400E-2814-4DA4-A519-8B3CE7C8449A}"
EndProject
Project("{FAE04EC0-301F-11D3-BF4B-00C04F79EFBC}") = "CarExchangeAPI.Tests", "CarExchangeAPI.Tests\CarExchangeAPI.Tests.csproj", "{4A525881-521B-4239-853E-7B66CA9F04E0}"
EndProject
Global
	GlobalSection(SolutionConfigurationPlatforms) = preSolution
		Debug|Any CPU = Debug|Any CPU
		Release|Any CPU = Release|Any CPU
	EndGlobalSection
	GlobalSection(ProjectConfigurationPlatforms) = postSolution
		{EE593405-84D1-462F-BAFC-B791DDB9E091}.Debug|Any CPU.ActiveCfg = Debug|Any CPU
		{EE593405-84D1-462F-BAFC-B791DDB9E091}.Debug|Any CPU.Build.0 = Debug|Any CPU
		{EE593405-84D1-462F-BAFC-B791DDB9E091}.Release|Any CPU.ActiveCfg = Release|Any CPU
		{EE593405-84D1-462F-BAFC-B791DDB9E091}.Release|Any CPU.Build.0 = Release|Any CPU
		{6B623B93-3314-47ED-833C-C4E539B29568}.Debug|Any CPU.ActiveCfg = Debug|Any CPU
		{6B623B93-3314-47ED-833C-C4E539B29568}.Debug|Any CPU.Build.0 = Debug|Any CPU
		{6B623B93-3314-47ED-833C-C4E539B29568}.Release|Any CPU.ActiveCfg = Release|Any CPU
		{6B623B93-3314-47ED-833C-C4E539B29568}.Release|Any CPU.Build.0 = Release|Any CPU
		{4EBC8772-0A18-4E5F-8479-68AE57DF2E9E}.Debug|Any CPU.ActiveCfg = Debug|Any CPU
		{4EBC8772-0A18-4E5F-8479-68AE57DF2E9E}.Debug|Any CPU.Build.0 = Debug|Any CPU
		{4EBC8772-0A18-4E5F-8479-68AE57DF2E9E}.Release|Any CPU.ActiveCfg = Release|Any CPU
		{4EBC8772-0A18-4E5F-8479-68AE57DF2E9E}.Release|Any CPU.Build.0 = Release|Any CPU
		{1218400E-2814-4DA4-A519-8B3CE7C8449A}.Debug|Any CPU.ActiveCfg = Debug|Any CPU
		{1218400E-2814-4DA4-A519-8B3CE7C8449A}.Debug|Any CPU.Build.0 = Debug|Any CPU
		{1218400E-2814-4DA4-A519-8B3CE7C8449A}.Release|Any CPU.ActiveCfg = Release|Any CPU
		{1218400E-2814-4DA4-A519-8B3CE7C8449A}.Release|Any CPU.Build.0 = Release|Any CPU
		{4A525881-521B-4239-853E-7B66CA9F04E0}.Debug|Any CPU.ActiveCfg = Debug|Any CPU
		{4A525881-521B-4239-853E-7B66CA9F04E0}.Debug|Any CPU.Build.0 = Debug|Any CPU
		{4A525881-521B-4239-853E-7B66CA9F04E0}.Release|Any CPU.ActiveCfg = Release|Any CPU
		{4A525881-521B-4239-853E-7B66CA9F04E0}.Release|Any CPU.Build.0 = Release|Any CPU
	EndGlobalSection
	GlobalSection(SolutionProperties) = preSolution
		HideSolutionNode = FALSE
	EndGlobalSection
	GlobalSection(ExtensibilityGlobals) = postSolution
		SolutionGuid = {62EB31A3-315C-4816-9879-0BD8E573189E}
	EndGlobalSection
EndGlobal
